
Microsoft Visual Studio Solution File, Format Version 12.00
# Visual Studio Version 16
VisualStudioVersion = 16.0.31729.503
MinimumVisualStudioVersion = 10.0.40219.1
Project("{FAE04EC0-301F-11D3-BF4B-00C04F79EFBC}") = "PrimeAndPalidrome", "PrimeAndPalidrome.csproj", "{EB7CF9AA-BF4B-472D-8B5D-93216E754A78}"
EndProject
Global
	GlobalSection(SolutionConfigurationPlatforms) = preSolution
		Debug|Any CPU = Debug|Any CPU
		Release|Any CPU = Release|Any CPU
	EndGlobalSection
	GlobalSection(ProjectConfigurationPlatforms) = postSolution
		{EB7CF9AA-BF4B-472D-8B5D-93216E754A78}.Debug|Any CPU.ActiveCfg = Debug|Any CPU
		{EB7CF9AA-BF4B-472D-8B5D-93216E754A78}.Debug|Any CPU.Build.0 = Debug|Any CPU
		{EB7CF9AA-BF4B-472D-8B5D-93216E754A78}.Release|Any CPU.ActiveCfg = Release|Any CPU
		{EB7CF9AA-BF4B-472D-8B5D-93216E754A78}.Release|Any CPU.Build.0 = Release|Any CPU
	EndGlobalSection
	GlobalSection(SolutionProperties) = preSolution
		HideSolutionNode = FALSE
	EndGlobalSection
	GlobalSection(ExtensibilityGlobals) = postSolution
		SolutionGuid = {BA8849C5-CAE0-48F5-AB9C-F9E28F3BD664}
	EndGlobalSection
EndGlobal
