
Microsoft Visual Studio Solution File, Format Version 12.00
# Visual Studio Version 16
VisualStudioVersion = 16.0.31729.503
MinimumVisualStudioVersion = 10.0.40219.1
Project("{FAE04EC0-301F-11D3-BF4B-00C04F79EFBC}") = "MergeSort", "MergeSort.csproj", "{08FDD5F5-986B-4570-BABB-913C9227742B}"
EndProject
Global
	GlobalSection(SolutionConfigurationPlatforms) = preSolution
		Debug|Any CPU = Debug|Any CPU
		Release|Any CPU = Release|Any CPU
	EndGlobalSection
	GlobalSection(ProjectConfigurationPlatforms) = postSolution
		{08FDD5F5-986B-4570-BABB-913C9227742B}.Debug|Any CPU.ActiveCfg = Debug|Any CPU
		{08FDD5F5-986B-4570-BABB-913C9227742B}.Debug|Any CPU.Build.0 = Debug|Any CPU
		{08FDD5F5-986B-4570-BABB-913C9227742B}.Release|Any CPU.ActiveCfg = Release|Any CPU
		{08FDD5F5-986B-4570-BABB-913C9227742B}.Release|Any CPU.Build.0 = Release|Any CPU
	EndGlobalSection
	GlobalSection(SolutionProperties) = preSolution
		HideSolutionNode = FALSE
	EndGlobalSection
	GlobalSection(ExtensibilityGlobals) = postSolution
		SolutionGuid = {52FA8C84-4AB6-4DC7-850E-E56B2719154E}
	EndGlobalSection
EndGlobal
